
Microsoft Visual Studio Solution File, Format Version 12.00
# Visual Studio Version 16
VisualStudioVersion = 16.0.30011.22
MinimumVisualStudioVersion = 10.0.40219.1
Project("{9A19103F-16F7-4668-BE54-9A1E7A4F7556}") = "CreditRatingService", "CreditRatingService.csproj", "{A51977B2-2EAE-48D4-AE9D-73C0FD5702B0}"
EndProject
Global
	GlobalSection(SolutionConfigurationPlatforms) = preSolution
		Debug|Any CPU = Debug|Any CPU
		Release|Any CPU = Release|Any CPU
	EndGlobalSection
	GlobalSection(ProjectConfigurationPlatforms) = postSolution
		{A51977B2-2EAE-48D4-AE9D-73C0FD5702B0}.Debug|Any CPU.ActiveCfg = Debug|Any CPU
		{A51977B2-2EAE-48D4-AE9D-73C0FD5702B0}.Debug|Any CPU.Build.0 = Debug|Any CPU
		{A51977B2-2EAE-48D4-AE9D-73C0FD5702B0}.Release|Any CPU.ActiveCfg = Release|Any CPU
		{A51977B2-2EAE-48D4-AE9D-73C0FD5702B0}.Release|Any CPU.Build.0 = Release|Any CPU
	EndGlobalSection
	GlobalSection(SolutionProperties) = preSolution
		HideSolutionNode = FALSE
	EndGlobalSection
	GlobalSection(ExtensibilityGlobals) = postSolution
		SolutionGuid = {DB97DDA4-38DE-4FCA-A2CC-93CCF88B80D9}
	EndGlobalSection
EndGlobal
